// !$*UTF8*$!
{
	archiveVersion = 1;
	classes = {
	};
	objectVersion = 50;
	objects = {

/* Begin PBXBuildFile section */
		C5074E3F25F6696F00F82A6B /* AppDelegate.swift in Sources */ = {isa = PBXBuildFile; fileRef = C5074E3E25F6696F00F82A6B /* AppDelegate.swift */; };
		C5074E4125F6696F00F82A6B /* SceneDelegate.swift in Sources */ = {isa = PBXBuildFile; fileRef = C5074E4025F6696F00F82A6B /* SceneDelegate.swift */; };
		C5074E4325F6696F00F82A6B /* ViewController.swift in Sources */ = {isa = PBXBuildFile; fileRef = C5074E4225F6696F00F82A6B /* ViewController.swift */; };
		C5074E4625F6696F00F82A6B /* Main.storyboard in Resources */ = {isa = PBXBuildFile; fileRef = C5074E4425F6696F00F82A6B /* Main.storyboard */; };
		C5074E4825F6697500F82A6B /* Assets.xcassets in Resources */ = {isa = PBXBuildFile; fileRef = C5074E4725F6697500F82A6B /* Assets.xcassets */; };
		C5074E4B25F6697500F82A6B /* LaunchScreen.storyboard in Resources */ = {isa = PBXBuildFile; fileRef = C5074E4925F6697500F82A6B /* LaunchScreen.storyboard */; };
		C5074E7825F6755E00F82A6B /* CellTableViewCell.swift in Sources */ = {isa = PBXBuildFile; fileRef = C5074E7625F6755E00F82A6B /* CellTableViewCell.swift */; };
		C5074E7925F6755E00F82A6B /* CellTableViewCell.xib in Resources */ = {isa = PBXBuildFile; fileRef = C5074E7725F6755E00F82A6B /* CellTableViewCell.xib */; };
/* End PBXBuildFile section */

/* Begin PBXFileReference section */
		C5074E3B25F6696F00F82A6B /* tableView_example.app */ = {isa = PBXFileReference; explicitFileType = wrapper.application; includeInIndex = 0; path = tableView_example.app; sourceTree = BUILT_PRODUCTS_DIR; };
		C5074E3E25F6696F00F82A6B /* AppDelegate.swift */ = {isa = PBXFileReference; lastKnownFileType = sourcecode.swift; path = AppDelegate.swift; sourceTree = "<group>"; };
		C5074E4025F6696F00F82A6B /* SceneDelegate.swift */ = {isa = PBXFileReference; lastKnownFileType = sourcecode.swift; path = SceneDelegate.swift; sourceTree = "<group>"; };
		C5074E4225F6696F00F82A6B /* ViewController.swift */ = {isa = PBXFileReference; lastKnownFileType = sourcecode.swift; path = ViewController.swift; sourceTree = "<group>"; };
		C5074E4525F6696F00F82A6B /* Base */ = {isa = PBXFileReference; lastKnownFileType = file.storyboard; name = Base; path = Base.lproj/Main.storyboard; sourceTree = "<group>"; };
		C5074E4725F6697500F82A6B /* Assets.xcassets */ = {isa = PBXFileReference; lastKnownFileType = folder.assetcatalog; path = Assets.xcassets; sourceTree = "<group>"; };
		C5074E4A25F6697500F82A6B /* Base */ = {isa = PBXFileReference; lastKnownFileType = file.storyboard; name = Base; path = Base.lproj/LaunchScreen.storyboard; sourceTree = "<group>"; };
		C5074E4C25F6697500F82A6B /* Info.plist */ = {isa = PBXFileReference; lastKnownFileType = text.plist.xml; path = Info.plist; sourceTree = "<group>"; };
		C5074E7625F6755E00F82A6B /* CellTableViewCell.swift */ = {isa = PBXFileReference; lastKnownFileType = sourcecode.swift; path = CellTableViewCell.swift; sourceTree = "<group>"; };
		C5074E7725F6755E00F82A6B /* CellTableViewCell.xib */ = {isa = PBXFileReference; lastKnownFileType = file.xib; path = CellTableViewCell.xib; sourceTree = "<group>"; };
/* End PBXFileReference section */

/* Begin PBXFrameworksBuildPhase section */
		C5074E3825F6696F00F82A6B /* Frameworks */ = {
			isa = PBXFrameworksBuildPhase;
			buildActionMask = 2147483647;
			files = (
			);
			runOnlyForDeploymentPostprocessing = 0;
		};
/* End PBXFrameworksBuildPhase section */

/* Begin PBXGroup section */
		C5074E3225F6696E00F82A6B = {
			isa = PBXGroup;
			children = (
				C5074E7625F6755E00F82A6B /* CellTableViewCell.swift */,
				C5074E7725F6755E00F82A6B /* CellTableViewCell.xib */,
				C5074E3D25F6696F00F82A6B /* tableView_example */,
				C5074E3C25F6696F00F82A6B /* Products */,
			);
			sourceTree = "<group>";
		};
		C5074E3C25F6696F00F82A6B /* Products */ = {
			isa = PBXGroup;
			children = (
				C5074E3B25F6696F00F82A6B /* tableView_example.app */,
			);
			name = Products;
			sourceTree = "<group>";
		};
		C5074E3D25F6696F00F82A6B /* tableView_example */ = {
			isa = PBXGroup;
			children = (
				C5074E3E25F6696F00F82A6B /* AppDelegate.swift */,
				C5074E4025F6696F00F82A6B /* SceneDelegate.swift */,
				C5074E4225F6696F00F82A6B /* ViewController.swift */,
				C5074E4425F6696F00F82A6B /* Main.storyboard */,
				C5074E4725F6697500F82A6B /* Assets.xcassets */,
				C5074E4925F6697500F82A6B /* LaunchScreen.storyboard */,
				C5074E4C25F6697500F82A6B /* Info.plist */,
			);
			path = tableView_example;
			sourceTree = "<group>";
		};
/* End PBXGroup section */

/* Begin PBXNativeTarget section */
		C5074E3A25F6696F00F82A6B /* tableView_example */ = {
			isa = PBXNativeTarget;
			buildConfigurationList = C5074E4F25F6697500F82A6B /* Build configuration list for PBXNativeTarget "tableView_example" */;
			buildPhases = (
				C5074E3725F6696F00F82A6B /* Sources */,
				C5074E3825F6696F00F82A6B /* Frameworks */,
				C5074E3925F6696F00F82A6B /* Resources */,
			);
			buildRules = (
			);
			dependencies = (
			);
			name = tableView_example;
			productName = tableView_example;
			productReference = C5074E3B25F6696F00F82A6B /* tableView_example.app */;
			productType = "com.apple.product-type.application";
		};
/* End PBXNativeTarget section */

/* Begin PBXProject section */
		C5074E3325F6696E00F82A6B /* Project object */ = {
			isa = PBXProject;
			attributes = {
				LastSwiftUpdateCheck = 1240;
				LastUpgradeCheck = 1240;
				TargetAttributes = {
					C5074E3A25F6696F00F82A6B = {
						CreatedOnToolsVersion = 12.4;
					};
				};
			};
			buildConfigurationList = C5074E3625F6696F00F82A6B /* Build configuration list for PBXProject "tableView_example" */;
			compatibilityVersion = "Xcode 9.3";
			developmentRegion = en;
			hasScannedForEncodings = 0;
			knownRegions = (
				en,
				Base,
			);
			mainGroup = C5074E3225F6696E00F82A6B;
			productRefGroup = C5074E3C25F6696F00F82A6B /* Products */;
			projectDirPath = "";
			projectRoot = "";
			targets = (
				C5074E3A25F6696F00F82A6B /* tableView_example */,
			);
		};
/* End PBXProject section */

/* Begin PBXResourcesBuildPhase section */
		C5074E3925F6696F00F82A6B /* Resources */ = {
			isa = PBXResourcesBuildPhase;
			buildActionMask = 2147483647;
			files = (
				C5074E4B25F6697500F82A6B /* LaunchScreen.storyboard in Resources */,
				C5074E7925F6755E00F82A6B /* CellTableViewCell.xib in Resources */,
				C5074E4825F6697500F82A6B /* Assets.xcassets in Resources */,
				C5074E4625F6696F00F82A6B /* Main.storyboard in Resources */,
			);
			runOnlyForDeploymentPostprocessing = 0;
		};
/* End PBXResourcesBuildPhase section */

/* Begin PBXSourcesBuildPhase section */
		C5074E3725F6696F00F82A6B /* Sources */ = {
			isa = PBXSourcesBuildPhase;
			buildActionMask = 2147483647;
			files = (
				C5074E4325F6696F00F82A6B /* ViewController.swift in Sources */,
				C5074E7825F6755E00F82A6B /* CellTableViewCell.swift in Sources */,
				C5074E3F25F6696F00F82A6B /* AppDelegate.swift in Sources */,
				C5074E4125F6696F00F82A6B /* SceneDelegate.swift in Sources */,
			);
			runOnlyForDeploymentPostprocessing = 0;
		};
/* End PBXSourcesBuildPhase section */

/* Begin PBXVariantGroup section */
		C5074E4425F6696F00F82A6B /* Main.storyboard */ = {
			isa = PBXVariantGroup;
			children = (
				C5074E4525F6696F00F82A6B /* Base */,
			);
			name = Main.storyboard;
			sourceTree = "<group>";
		};
		C5074E4925F6697500F82A6B /* LaunchScreen.storyboard */ = {
			isa = PBXVariantGroup;
			children = (
				C5074E4A25F6697500F82A6B /* Base */,
			);
			name = LaunchScreen.storyboard;
			sourceTree = "<group>";
		};
/* End PBXVariantGroup section */

/* Begin XCBuildConfiguration section */
		C5074E4D25F6697500F82A6B /* Debug */ = {
			isa = XCBuildConfiguration;
			buildSettings = {
				ALWAYS_SEARCH_USER_PATHS = NO;
				CLANG_ANALYZER_NONNULL = YES;
				CLANG_ANALYZER_NUMBER_OBJECT_CONVERSION = YES_AGGRESSIVE;
				CLANG_CXX_LANGUAGE_STANDARD = "gnu++14";
				CLANG_CXX_LIBRARY = "libc++";
				CLANG_ENABLE_MODULES = YES;
				CLANG_ENABLE_OBJC_ARC = YES;
				CLANG_ENABLE_OBJC_WEAK = YES;
				CLANG_WARN_BLOCK_CAPTURE_AUTORELEASING = YES;
				CLANG_WARN_BOOL_CONVERSION = YES;
				CLANG_WARN_COMMA = YES;
				CLANG_WARN_CONSTANT_CONVERSION = YES;
				CLANG_WARN_DEPRECATED_OBJC_IMPLEMENTATIONS = YES;
				CLANG_WARN_DIRECT_OBJC_ISA_USAGE = YES_ERROR;
				CLANG_WARN_DOCUMENTATION_COMMENTS = YES;
				CLANG_WARN_EMPTY_BODY = YES;
				CLANG_WARN_ENUM_CONVERSION = YES;
				CLANG_WARN_INFINITE_RECURSION = YES;
				CLANG_WARN_INT_CONVERSION = YES;
				CLANG_WARN_NON_LITERAL_NULL_CONVERSION = YES;
				CLANG_WARN_OBJC_IMPLICIT_RETAIN_SELF = YES;
				CLANG_WARN_OBJC_LITERAL_CONVERSION = YES;
				CLANG_WARN_OBJC_ROOT_CLASS = YES_ERROR;
				CLANG_WARN_QUOTED_INCLUDE_IN_FRAMEWORK_HEADER = YES;
				CLANG_WARN_RANGE_LOOP_ANALYSIS = YES;
				CLANG_WARN_STRICT_PROTOTYPES = YES;
				CLANG_WARN_SUSPICIOUS_MOVE = YES;
				CLANG_WARN_UNGUARDED_AVAILABILITY = YES_AGGRESSIVE;
				CLANG_WARN_UNREACHABLE_CODE = YES;
				CLANG_WARN__DUPLICATE_METHOD_MATCH = YES;
				COPY_PHASE_STRIP = NO;
				DEBUG_INFORMATION_FORMAT = dwarf;
				ENABLE_STRICT_OBJC_MSGSEND = YES;
				ENABLE_TESTABILITY = YES;
				GCC_C_LANGUAGE_STANDARD = gnu11;
				GCC_DYNAMIC_NO_PIC = NO;
				GCC_NO_COMMON_BLOCKS = YES;
				GCC_OPTIMIZATION_LEVEL = 0;
				GCC_PREPROCESSOR_DEFINITIONS = (
					"DEBUG=1",
					"$(inherited)",
				);
				GCC_WARN_64_TO_32_BIT_CONVERSION = YES;
				GCC_WARN_ABOUT_RETURN_TYPE = YES_ERROR;
				GCC_WARN_UNDECLARED_SELECTOR = YES;
				GCC_WARN_UNINITIALIZED_AUTOS = YES_AGGRESSIVE;
				GCC_WARN_UNUSED_FUNCTION = YES;
				GCC_WARN_UNUSED_VARIABLE = YES;
				IPHONEOS_DEPLOYMENT_TARGET = 14.4;
				MTL_ENABLE_DEBUG_INFO = INCLUDE_SOURCE;
				MTL_FAST_MATH = YES;
				ONLY_ACTIVE_ARCH = YES;
				SDKROOT = iphoneos;
				SWIFT_ACTIVE_COMPILATION_CONDITIONS = DEBUG;
				SWIFT_OPTIMIZATION_LEVEL = "-Onone";
			};
			name = Debug;
		};
		C5074E4E25F6697500F82A6B /* Release */ = {
			isa = XCBuildConfiguration;
			buildSettings = {
				ALWAYS_SEARCH_USER_PATHS = NO;
				CLANG_ANALYZER_NONNULL = YES;
				CLANG_ANALYZER_NUMBER_OBJECT_CONVERSION = YES_AGGRESSIVE;
				CLANG_CXX_LANGUAGE_STANDARD = "gnu++14";
				CLANG_CXX_LIBRARY = "libc++";
				CLANG_ENABLE_MODULES = YES;
				CLANG_ENABLE_OBJC_ARC = YES;
				CLANG_ENABLE_OBJC_WEAK = YES;
				CLANG_WARN_BLOCK_CAPTURE_AUTORELEASING = YES;
				CLANG_WARN_BOOL_CONVERSION = YES;
				CLANG_WARN_COMMA = YES;
				CLANG_WARN_CONSTANT_CONVERSION = YES;
				CLANG_WARN_DEPRECATED_OBJC_IMPLEMENTATIONS = YES;
				CLANG_WARN_DIRECT_OBJC_ISA_USAGE = YES_ERROR;
				CLANG_WARN_DOCUMENTATION_COMMENTS = YES;
				CLANG_WARN_EMPTY_BODY = YES;
				CLANG_WARN_ENUM_CONVERSION = YES;
				CLANG_WARN_INFINITE_RECURSION = YES;
				CLANG_WARN_INT_CONVERSION = YES;
				CLANG_WARN_NON_LITERAL_NULL_CONVERSION = YES;
				CLANG_WARN_OBJC_IMPLICIT_RETAIN_SELF = YES;
				CLANG_WARN_OBJC_LITERAL_CONVERSION = YES;
				CLANG_WARN_OBJC_ROOT_CLASS = YES_ERROR;
				CLANG_WARN_QUOTED_INCLUDE_IN_FRAMEWORK_HEADER = YES;
				CLANG_WARN_RANGE_LOOP_ANALYSIS = YES;
				CLANG_WARN_STRICT_PROTOTYPES = YES;
				CLANG_WARN_SUSPICIOUS_MOVE = YES;
				CLANG_WARN_UNGUARDED_AVAILABILITY = YES_AGGRESSIVE;
				CLANG_WARN_UNREACHABLE_CODE = YES;
				CLANG_WARN__DUPLICATE_METHOD_MATCH = YES;
				COPY_PHASE_STRIP = NO;
				DEBUG_INFORMATION_FORMAT = "dwarf-with-dsym";
				ENABLE_NS_ASSERTIONS = NO;
				ENABLE_STRICT_OBJC_MSGSEND = YES;
				GCC_C_LANGUAGE_STANDARD = gnu11;
				GCC_NO_COMMON_BLOCKS = YES;
				GCC_WARN_64_TO_32_BIT_CONVERSION = YES;
				GCC_WARN_ABOUT_RETURN_TYPE = YES_ERROR;
				GCC_WARN_UNDECLARED_SELECTOR = YES;
				GCC_WARN_UNINITIALIZED_AUTOS = YES_AGGRESSIVE;
				GCC_WARN_UNUSED_FUNCTION = YES;
				GCC_WARN_UNUSED_VARIABLE = YES;
				IPHONEOS_DEPLOYMENT_TARGET = 14.4;
				MTL_ENABLE_DEBUG_INFO = NO;
				MTL_FAST_MATH = YES;
				SDKROOT = iphoneos;
				SWIFT_COMPILATION_MODE = wholemodule;
				SWIFT_OPTIMIZATION_LEVEL = "-O";
				VALIDATE_PRODUCT = YES;
			};
			name = Release;
		};
		C5074E5025F6697500F82A6B /* Debug */ = {
			isa = XCBuildConfiguration;
			buildSettings = {
				ASSETCATALOG_COMPILER_APPICON_NAME = AppIcon;
				ASSETCATALOG_COMPILER_GLOBAL_ACCENT_COLOR_NAME = AccentColor;
				CODE_SIGN_STYLE = Automatic;
				DEVELOPMENT_TEAM = 26XLV8UY3L;
				INFOPLIST_FILE = tableView_example/Info.plist;
				LD_RUNPATH_SEARCH_PATHS = (
					"$(inherited)",
					"@executable_path/Frameworks",
				);
				PRODUCT_BUNDLE_IDENTIFIER = "com.example.tableView-example";
				PRODUCT_NAME = "$(TARGET_NAME)";
				SWIFT_VERSION = 5.0;
				TARGETED_DEVICE_FAMILY = "1,2";
			};
			name = Debug;
		};
		C5074E5125F6697500F82A6B /* Release */ = {
			isa = XCBuildConfiguration;
			buildSettings = {
				ASSETCATALOG_COMPILER_APPICON_NAME = AppIcon;
				ASSETCATALOG_COMPILER_GLOBAL_ACCENT_COLOR_NAME = AccentColor;
				CODE_SIGN_STYLE = Automatic;
				DEVELOPMENT_TEAM = 26XLV8UY3L;
				INFOPLIST_FILE = tableView_example/Info.plist;
				LD_RUNPATH_SEARCH_PATHS = (
					"$(inherited)",
					"@executable_path/Frameworks",
				);
				PRODUCT_BUNDLE_IDENTIFIER = "com.example.tableView-example";
				PRODUCT_NAME = "$(TARGET_NAME)";
				SWIFT_VERSION = 5.0;
				TARGETED_DEVICE_FAMILY = "1,2";
			};
			name = Release;
		};
/* End XCBuildConfiguration section */

/* Begin XCConfigurationList section */
		C5074E3625F6696F00F82A6B /* Build configuration list for PBXProject "tableView_example" */ = {
			isa = XCConfigurationList;
			buildConfigurations = (
				C5074E4D25F6697500F82A6B /* Debug */,
				C5074E4E25F6697500F82A6B /* Release */,
			);
			defaultConfigurationIsVisible = 0;
			defaultConfigurationName = Release;
		};
		C5074E4F25F6697500F82A6B /* Build configuration list for PBXNativeTarget "tableView_example" */ = {
			isa = XCConfigurationList;
			buildConfigurations = (
				C5074E5025F6697500F82A6B /* Debug */,
				C5074E5125F6697500F82A6B /* Release */,
			);
			defaultConfigurationIsVisible = 0;
			defaultConfigurationName = Release;
		};
/* End XCConfigurationList section */
	};
	rootObject = C5074E3325F6696E00F82A6B /* Project object */;
}
